# This file is automatically @generated by Cargo.
# It is not intended for manual editing.
version = 3

[[package]]
name = "proc_gen2"
version = "0.1.0"
dependencies = [
 "vmfparser",
]

[[package]]
name = "synom"
version = "0.11.3"
source = "registry+https://github.com/rust-lang/crates.io-index"
checksum = "a393066ed9010ebaed60b9eafa373d4b1baac186dd7e008555b0f702b51945b6"
dependencies = [
 "unicode-xid",
]

[[package]]
name = "unicode-xid"
version = "0.0.4"
source = "registry+https://github.com/rust-lang/crates.io-index"
checksum = "8c1f860d7d29cf02cb2f3f359fd35991af3d30bac52c57d265a3c461074cb4dc"

[[package]]
name = "vmfparser"
version = "0.1.0"
source = "registry+https://github.com/rust-lang/crates.io-index"
checksum = "5a292bd4ba0bb3bbf18b1f087733be87abf46523a30de9b351d30605fbc171f5"
dependencies = [
 "synom",
]
